// !$*UTF8*$!
{
	archiveVersion = 1;
	classes = {
	};
	objectVersion = 56;
	objects = {

/* Begin PBXBuildFile section */
		AE0DB69A2A9E7048005BDB23 /* AppDelegate.swift in Sources */ = {isa = PBXBuildFile; fileRef = AE0DB6992A9E7048005BDB23 /* AppDelegate.swift */; };
		AE0DB69C2A9E7048005BDB23 /* SceneDelegate.swift in Sources */ = {isa = PBXBuildFile; fileRef = AE0DB69B2A9E7048005BDB23 /* SceneDelegate.swift */; };
		AE0DB69E2A9E7048005BDB23 /* ViewController.swift in Sources */ = {isa = PBXBuildFile; fileRef = AE0DB69D2A9E7048005BDB23 /* ViewController.swift */; };
		AE0DB6A12A9E7048005BDB23 /* Main.storyboard in Resources */ = {isa = PBXBuildFile; fileRef = AE0DB69F2A9E7048005BDB23 /* Main.storyboard */; };
		AE0DB6A32A9E7048005BDB23 /* Assets.xcassets in Resources */ = {isa = PBXBuildFile; fileRef = AE0DB6A22A9E7048005BDB23 /* Assets.xcassets */; };
		AE0DB6A62A9E7048005BDB23 /* LaunchScreen.storyboard in Resources */ = {isa = PBXBuildFile; fileRef = AE0DB6A42A9E7048005BDB23 /* LaunchScreen.storyboard */; };
		AE0DB6B12A9E7048005BDB23 /* NamedemoTests.swift in Sources */ = {isa = PBXBuildFile; fileRef = AE0DB6B02A9E7048005BDB23 /* NamedemoTests.swift */; };
		AE0DB6BB2A9E7048005BDB23 /* NamedemoUITests.swift in Sources */ = {isa = PBXBuildFile; fileRef = AE0DB6BA2A9E7048005BDB23 /* NamedemoUITests.swift */; };
		AE0DB6BD2A9E7048005BDB23 /* NamedemoUITestsLaunchTests.swift in Sources */ = {isa = PBXBuildFile; fileRef = AE0DB6BC2A9E7048005BDB23 /* NamedemoUITestsLaunchTests.swift */; };
/* End PBXBuildFile section */

/* Begin PBXContainerItemProxy section */
		AE0DB6AD2A9E7048005BDB23 /* PBXContainerItemProxy */ = {
			isa = PBXContainerItemProxy;
			containerPortal = AE0DB68E2A9E7048005BDB23 /* Project object */;
			proxyType = 1;
			remoteGlobalIDString = AE0DB6952A9E7048005BDB23;
			remoteInfo = Namedemo;
		};
		AE0DB6B72A9E7048005BDB23 /* PBXContainerItemProxy */ = {
			isa = PBXContainerItemProxy;
			containerPortal = AE0DB68E2A9E7048005BDB23 /* Project object */;
			proxyType = 1;
			remoteGlobalIDString = AE0DB6952A9E7048005BDB23;
			remoteInfo = Namedemo;
		};
/* End PBXContainerItemProxy section */

/* Begin PBXFileReference section */
		AE0DB6962A9E7048005BDB23 /* Namedemo.app */ = {isa = PBXFileReference; explicitFileType = wrapper.application; includeInIndex = 0; path = Namedemo.app; sourceTree = BUILT_PRODUCTS_DIR; };
		AE0DB6992A9E7048005BDB23 /* AppDelegate.swift */ = {isa = PBXFileReference; lastKnownFileType = sourcecode.swift; path = AppDelegate.swift; sourceTree = "<group>"; };
		AE0DB69B2A9E7048005BDB23 /* SceneDelegate.swift */ = {isa = PBXFileReference; lastKnownFileType = sourcecode.swift; path = SceneDelegate.swift; sourceTree = "<group>"; };
		AE0DB69D2A9E7048005BDB23 /* ViewController.swift */ = {isa = PBXFileReference; lastKnownFileType = sourcecode.swift; path = ViewController.swift; sourceTree = "<group>"; };
		AE0DB6A02A9E7048005BDB23 /* Base */ = {isa = PBXFileReference; lastKnownFileType = file.storyboard; name = Base; path = Base.lproj/Main.storyboard; sourceTree = "<group>"; };
		AE0DB6A22A9E7048005BDB23 /* Assets.xcassets */ = {isa = PBXFileReference; lastKnownFileType = folder.assetcatalog; path = Assets.xcassets; sourceTree = "<group>"; };
		AE0DB6A52A9E7048005BDB23 /* Base */ = {isa = PBXFileReference; lastKnownFileType = file.storyboard; name = Base; path = Base.lproj/LaunchScreen.storyboard; sourceTree = "<group>"; };
		AE0DB6A72A9E7048005BDB23 /* Info.plist */ = {isa = PBXFileReference; lastKnownFileType = text.plist.xml; path = Info.plist; sourceTree = "<group>"; };
		AE0DB6AC2A9E7048005BDB23 /* NamedemoTests.xctest */ = {isa = PBXFileReference; explicitFileType = wrapper.cfbundle; includeInIndex = 0; path = NamedemoTests.xctest; sourceTree = BUILT_PRODUCTS_DIR; };
		AE0DB6B02A9E7048005BDB23 /* NamedemoTests.swift */ = {isa = PBXFileReference; lastKnownFileType = sourcecode.swift; path = NamedemoTests.swift; sourceTree = "<group>"; };
		AE0DB6B62A9E7048005BDB23 /* NamedemoUITests.xctest */ = {isa = PBXFileReference; explicitFileType = wrapper.cfbundle; includeInIndex = 0; path = NamedemoUITests.xctest; sourceTree = BUILT_PRODUCTS_DIR; };
		AE0DB6BA2A9E7048005BDB23 /* NamedemoUITests.swift */ = {isa = PBXFileReference; lastKnownFileType = sourcecode.swift; path = NamedemoUITests.swift; sourceTree = "<group>"; };
		AE0DB6BC2A9E7048005BDB23 /* NamedemoUITestsLaunchTests.swift */ = {isa = PBXFileReference; lastKnownFileType = sourcecode.swift; path = NamedemoUITestsLaunchTests.swift; sourceTree = "<group>"; };
/* End PBXFileReference section */

/* Begin PBXFrameworksBuildPhase section */
		AE0DB6932A9E7048005BDB23 /* Frameworks */ = {
			isa = PBXFrameworksBuildPhase;
			buildActionMask = 2147483647;
			files = (
			);
			runOnlyForDeploymentPostprocessing = 0;
		};
		AE0DB6A92A9E7048005BDB23 /* Frameworks */ = {
			isa = PBXFrameworksBuildPhase;
			buildActionMask = 2147483647;
			files = (
			);
			runOnlyForDeploymentPostprocessing = 0;
		};
		AE0DB6B32A9E7048005BDB23 /* Frameworks */ = {
			isa = PBXFrameworksBuildPhase;
			buildActionMask = 2147483647;
			files = (
			);
			runOnlyForDeploymentPostprocessing = 0;
		};
/* End PBXFrameworksBuildPhase section */

/* Begin PBXGroup section */
		AE0DB68D2A9E7048005BDB23 = {
			isa = PBXGroup;
			children = (
				AE0DB6982A9E7048005BDB23 /* Namedemo */,
				AE0DB6AF2A9E7048005BDB23 /* NamedemoTests */,
				AE0DB6B92A9E7048005BDB23 /* NamedemoUITests */,
				AE0DB6972A9E7048005BDB23 /* Products */,
			);
			sourceTree = "<group>";
		};
		AE0DB6972A9E7048005BDB23 /* Products */ = {
			isa = PBXGroup;
			children = (
				AE0DB6962A9E7048005BDB23 /* Namedemo.app */,
				AE0DB6AC2A9E7048005BDB23 /* NamedemoTests.xctest */,
				AE0DB6B62A9E7048005BDB23 /* NamedemoUITests.xctest */,
			);
			name = Products;
			sourceTree = "<group>";
		};
		AE0DB6982A9E7048005BDB23 /* Namedemo */ = {
			isa = PBXGroup;
			children = (
				AE0DB6992A9E7048005BDB23 /* AppDelegate.swift */,
				AE0DB69B2A9E7048005BDB23 /* SceneDelegate.swift */,
				AE0DB69D2A9E7048005BDB23 /* ViewController.swift */,
				AE0DB69F2A9E7048005BDB23 /* Main.storyboard */,
				AE0DB6A22A9E7048005BDB23 /* Assets.xcassets */,
				AE0DB6A42A9E7048005BDB23 /* LaunchScreen.storyboard */,
				AE0DB6A72A9E7048005BDB23 /* Info.plist */,
			);
			path = Namedemo;
			sourceTree = "<group>";
		};
		AE0DB6AF2A9E7048005BDB23 /* NamedemoTests */ = {
			isa = PBXGroup;
			children = (
				AE0DB6B02A9E7048005BDB23 /* NamedemoTests.swift */,
			);
			path = NamedemoTests;
			sourceTree = "<group>";
		};
		AE0DB6B92A9E7048005BDB23 /* NamedemoUITests */ = {
			isa = PBXGroup;
			children = (
				AE0DB6BA2A9E7048005BDB23 /* NamedemoUITests.swift */,
				AE0DB6BC2A9E7048005BDB23 /* NamedemoUITestsLaunchTests.swift */,
			);
			path = NamedemoUITests;
			sourceTree = "<group>";
		};
/* End PBXGroup section */

/* Begin PBXNativeTarget section */
		AE0DB6952A9E7048005BDB23 /* Namedemo */ = {
			isa = PBXNativeTarget;
			buildConfigurationList = AE0DB6C02A9E7048005BDB23 /* Build configuration list for PBXNativeTarget "Namedemo" */;
			buildPhases = (
				AE0DB6922A9E7048005BDB23 /* Sources */,
				AE0DB6932A9E7048005BDB23 /* Frameworks */,
				AE0DB6942A9E7048005BDB23 /* Resources */,
			);
			buildRules = (
			);
			dependencies = (
			);
			name = Namedemo;
			productName = Namedemo;
			productReference = AE0DB6962A9E7048005BDB23 /* Namedemo.app */;
			productType = "com.apple.product-type.application";
		};
		AE0DB6AB2A9E7048005BDB23 /* NamedemoTests */ = {
			isa = PBXNativeTarget;
			buildConfigurationList = AE0DB6C32A9E7048005BDB23 /* Build configuration list for PBXNativeTarget "NamedemoTests" */;
			buildPhases = (
				AE0DB6A82A9E7048005BDB23 /* Sources */,
				AE0DB6A92A9E7048005BDB23 /* Frameworks */,
				AE0DB6AA2A9E7048005BDB23 /* Resources */,
			);
			buildRules = (
			);
			dependencies = (
				AE0DB6AE2A9E7048005BDB23 /* PBXTargetDependency */,
			);
			name = NamedemoTests;
			productName = NamedemoTests;
			productReference = AE0DB6AC2A9E7048005BDB23 /* NamedemoTests.xctest */;
			productType = "com.apple.product-type.bundle.unit-test";
		};
		AE0DB6B52A9E7048005BDB23 /* NamedemoUITests */ = {
			isa = PBXNativeTarget;
			buildConfigurationList = AE0DB6C62A9E7048005BDB23 /* Build configuration list for PBXNativeTarget "NamedemoUITests" */;
			buildPhases = (
				AE0DB6B22A9E7048005BDB23 /* Sources */,
				AE0DB6B32A9E7048005BDB23 /* Frameworks */,
				AE0DB6B42A9E7048005BDB23 /* Resources */,
			);
			buildRules = (
			);
			dependencies = (
				AE0DB6B82A9E7048005BDB23 /* PBXTargetDependency */,
			);
			name = NamedemoUITests;
			productName = NamedemoUITests;
			productReference = AE0DB6B62A9E7048005BDB23 /* NamedemoUITests.xctest */;
			productType = "com.apple.product-type.bundle.ui-testing";
		};
/* End PBXNativeTarget section */

/* Begin PBXProject section */
		AE0DB68E2A9E7048005BDB23 /* Project object */ = {
			isa = PBXProject;
			attributes = {
				BuildIndependentTargetsInParallel = 1;
				LastSwiftUpdateCheck = 1430;
				LastUpgradeCheck = 1430;
				TargetAttributes = {
					AE0DB6952A9E7048005BDB23 = {
						CreatedOnToolsVersion = 14.3.1;
					};
					AE0DB6AB2A9E7048005BDB23 = {
						CreatedOnToolsVersion = 14.3.1;
						TestTargetID = AE0DB6952A9E7048005BDB23;
					};
					AE0DB6B52A9E7048005BDB23 = {
						CreatedOnToolsVersion = 14.3.1;
						TestTargetID = AE0DB6952A9E7048005BDB23;
					};
				};
			};
			buildConfigurationList = AE0DB6912A9E7048005BDB23 /* Build configuration list for PBXProject "Namedemo" */;
			compatibilityVersion = "Xcode 14.0";
			developmentRegion = en;
			hasScannedForEncodings = 0;
			knownRegions = (
				en,
				Base,
			);
			mainGroup = AE0DB68D2A9E7048005BDB23;
			productRefGroup = AE0DB6972A9E7048005BDB23 /* Products */;
			projectDirPath = "";
			projectRoot = "";
			targets = (
				AE0DB6952A9E7048005BDB23 /* Namedemo */,
				AE0DB6AB2A9E7048005BDB23 /* NamedemoTests */,
				AE0DB6B52A9E7048005BDB23 /* NamedemoUITests */,
			);
		};
/* End PBXProject section */

/* Begin PBXResourcesBuildPhase section */
		AE0DB6942A9E7048005BDB23 /* Resources */ = {
			isa = PBXResourcesBuildPhase;
			buildActionMask = 2147483647;
			files = (
				AE0DB6A62A9E7048005BDB23 /* LaunchScreen.storyboard in Resources */,
				AE0DB6A32A9E7048005BDB23 /* Assets.xcassets in Resources */,
				AE0DB6A12A9E7048005BDB23 /* Main.storyboard in Resources */,
			);
			runOnlyForDeploymentPostprocessing = 0;
		};
		AE0DB6AA2A9E7048005BDB23 /* Resources */ = {
			isa = PBXResourcesBuildPhase;
			buildActionMask = 2147483647;
			files = (
			);
			runOnlyForDeploymentPostprocessing = 0;
		};
		AE0DB6B42A9E7048005BDB23 /* Resources */ = {
			isa = PBXResourcesBuildPhase;
			buildActionMask = 2147483647;
			files = (
			);
			runOnlyForDeploymentPostprocessing = 0;
		};
/* End PBXResourcesBuildPhase section */

/* Begin PBXSourcesBuildPhase section */
		AE0DB6922A9E7048005BDB23 /* Sources */ = {
			isa = PBXSourcesBuildPhase;
			buildActionMask = 2147483647;
			files = (
				AE0DB69E2A9E7048005BDB23 /* ViewController.swift in Sources */,
				AE0DB69A2A9E7048005BDB23 /* AppDelegate.swift in Sources */,
				AE0DB69C2A9E7048005BDB23 /* SceneDelegate.swift in Sources */,
			);
			runOnlyForDeploymentPostprocessing = 0;
		};
		AE0DB6A82A9E7048005BDB23 /* Sources */ = {
			isa = PBXSourcesBuildPhase;
			buildActionMask = 2147483647;
			files = (
				AE0DB6B12A9E7048005BDB23 /* NamedemoTests.swift in Sources */,
			);
			runOnlyForDeploymentPostprocessing = 0;
		};
		AE0DB6B22A9E7048005BDB23 /* Sources */ = {
			isa = PBXSourcesBuildPhase;
			buildActionMask = 2147483647;
			files = (
				AE0DB6BD2A9E7048005BDB23 /* NamedemoUITestsLaunchTests.swift in Sources */,
				AE0DB6BB2A9E7048005BDB23 /* NamedemoUITests.swift in Sources */,
			);
			runOnlyForDeploymentPostprocessing = 0;
		};
/* End PBXSourcesBuildPhase section */

/* Begin PBXTargetDependency section */
		AE0DB6AE2A9E7048005BDB23 /* PBXTargetDependency */ = {
			isa = PBXTargetDependency;
			target = AE0DB6952A9E7048005BDB23 /* Namedemo */;
			targetProxy = AE0DB6AD2A9E7048005BDB23 /* PBXContainerItemProxy */;
		};
		AE0DB6B82A9E7048005BDB23 /* PBXTargetDependency */ = {
			isa = PBXTargetDependency;
			target = AE0DB6952A9E7048005BDB23 /* Namedemo */;
			targetProxy = AE0DB6B72A9E7048005BDB23 /* PBXContainerItemProxy */;
		};
/* End PBXTargetDependency section */

/* Begin PBXVariantGroup section */
		AE0DB69F2A9E7048005BDB23 /* Main.storyboard */ = {
			isa = PBXVariantGroup;
			children = (
				AE0DB6A02A9E7048005BDB23 /* Base */,
			);
			name = Main.storyboard;
			sourceTree = "<group>";
		};
		AE0DB6A42A9E7048005BDB23 /* LaunchScreen.storyboard */ = {
			isa = PBXVariantGroup;
			children = (
				AE0DB6A52A9E7048005BDB23 /* Base */,
			);
			name = LaunchScreen.storyboard;
			sourceTree = "<group>";
		};
/* End PBXVariantGroup section */

/* Begin XCBuildConfiguration section */
		AE0DB6BE2A9E7048005BDB23 /* Debug */ = {
			isa = XCBuildConfiguration;
			buildSettings = {
				ALWAYS_SEARCH_USER_PATHS = NO;
				CLANG_ANALYZER_NONNULL = YES;
				CLANG_ANALYZER_NUMBER_OBJECT_CONVERSION = YES_AGGRESSIVE;
				CLANG_CXX_LANGUAGE_STANDARD = "gnu++20";
				CLANG_ENABLE_MODULES = YES;
				CLANG_ENABLE_OBJC_ARC = YES;
				CLANG_ENABLE_OBJC_WEAK = YES;
				CLANG_WARN_BLOCK_CAPTURE_AUTORELEASING = YES;
				CLANG_WARN_BOOL_CONVERSION = YES;
				CLANG_WARN_COMMA = YES;
				CLANG_WARN_CONSTANT_CONVERSION = YES;
				CLANG_WARN_DEPRECATED_OBJC_IMPLEMENTATIONS = YES;
				CLANG_WARN_DIRECT_OBJC_ISA_USAGE = YES_ERROR;
				CLANG_WARN_DOCUMENTATION_COMMENTS = YES;
				CLANG_WARN_EMPTY_BODY = YES;
				CLANG_WARN_ENUM_CONVERSION = YES;
				CLANG_WARN_INFINITE_RECURSION = YES;
				CLANG_WARN_INT_CONVERSION = YES;
				CLANG_WARN_NON_LITERAL_NULL_CONVERSION = YES;
				CLANG_WARN_OBJC_IMPLICIT_RETAIN_SELF = YES;
				CLANG_WARN_OBJC_LITERAL_CONVERSION = YES;
				CLANG_WARN_OBJC_ROOT_CLASS = YES_ERROR;
				CLANG_WARN_QUOTED_INCLUDE_IN_FRAMEWORK_HEADER = YES;
				CLANG_WARN_RANGE_LOOP_ANALYSIS = YES;
				CLANG_WARN_STRICT_PROTOTYPES = YES;
				CLANG_WARN_SUSPICIOUS_MOVE = YES;
				CLANG_WARN_UNGUARDED_AVAILABILITY = YES_AGGRESSIVE;
				CLANG_WARN_UNREACHABLE_CODE = YES;
				CLANG_WARN__DUPLICATE_METHOD_MATCH = YES;
				COPY_PHASE_STRIP = NO;
				DEBUG_INFORMATION_FORMAT = dwarf;
				ENABLE_STRICT_OBJC_MSGSEND = YES;
				ENABLE_TESTABILITY = YES;
				GCC_C_LANGUAGE_STANDARD = gnu11;
				GCC_DYNAMIC_NO_PIC = NO;
				GCC_NO_COMMON_BLOCKS = YES;
				GCC_OPTIMIZATION_LEVEL = 0;
				GCC_PREPROCESSOR_DEFINITIONS = (
					"DEBUG=1",
					"$(inherited)",
				);
				GCC_WARN_64_TO_32_BIT_CONVERSION = YES;
				GCC_WARN_ABOUT_RETURN_TYPE = YES_ERROR;
				GCC_WARN_UNDECLARED_SELECTOR = YES;
				GCC_WARN_UNINITIALIZED_AUTOS = YES_AGGRESSIVE;
				GCC_WARN_UNUSED_FUNCTION = YES;
				GCC_WARN_UNUSED_VARIABLE = YES;
				IPHONEOS_DEPLOYMENT_TARGET = 16.4;
				MTL_ENABLE_DEBUG_INFO = INCLUDE_SOURCE;
				MTL_FAST_MATH = YES;
				ONLY_ACTIVE_ARCH = YES;
				SDKROOT = iphoneos;
				SWIFT_ACTIVE_COMPILATION_CONDITIONS = DEBUG;
				SWIFT_OPTIMIZATION_LEVEL = "-Onone";
			};
			name = Debug;
		};
		AE0DB6BF2A9E7048005BDB23 /* Release */ = {
			isa = XCBuildConfiguration;
			buildSettings = {
				ALWAYS_SEARCH_USER_PATHS = NO;
				CLANG_ANALYZER_NONNULL = YES;
				CLANG_ANALYZER_NUMBER_OBJECT_CONVERSION = YES_AGGRESSIVE;
				CLANG_CXX_LANGUAGE_STANDARD = "gnu++20";
				CLANG_ENABLE_MODULES = YES;
				CLANG_ENABLE_OBJC_ARC = YES;
				CLANG_ENABLE_OBJC_WEAK = YES;
				CLANG_WARN_BLOCK_CAPTURE_AUTORELEASING = YES;
				CLANG_WARN_BOOL_CONVERSION = YES;
				CLANG_WARN_COMMA = YES;
				CLANG_WARN_CONSTANT_CONVERSION = YES;
				CLANG_WARN_DEPRECATED_OBJC_IMPLEMENTATIONS = YES;
				CLANG_WARN_DIRECT_OBJC_ISA_USAGE = YES_ERROR;
				CLANG_WARN_DOCUMENTATION_COMMENTS = YES;
				CLANG_WARN_EMPTY_BODY = YES;
				CLANG_WARN_ENUM_CONVERSION = YES;
				CLANG_WARN_INFINITE_RECURSION = YES;
				CLANG_WARN_INT_CONVERSION = YES;
				CLANG_WARN_NON_LITERAL_NULL_CONVERSION = YES;
				CLANG_WARN_OBJC_IMPLICIT_RETAIN_SELF = YES;
				CLANG_WARN_OBJC_LITERAL_CONVERSION = YES;
				CLANG_WARN_OBJC_ROOT_CLASS = YES_ERROR;
				CLANG_WARN_QUOTED_INCLUDE_IN_FRAMEWORK_HEADER = YES;
				CLANG_WARN_RANGE_LOOP_ANALYSIS = YES;
				CLANG_WARN_STRICT_PROTOTYPES = YES;
				CLANG_WARN_SUSPICIOUS_MOVE = YES;
				CLANG_WARN_UNGUARDED_AVAILABILITY = YES_AGGRESSIVE;
				CLANG_WARN_UNREACHABLE_CODE = YES;
				CLANG_WARN__DUPLICATE_METHOD_MATCH = YES;
				COPY_PHASE_STRIP = NO;
				DEBUG_INFORMATION_FORMAT = "dwarf-with-dsym";
				ENABLE_NS_ASSERTIONS = NO;
				ENABLE_STRICT_OBJC_MSGSEND = YES;
				GCC_C_LANGUAGE_STANDARD = gnu11;
				GCC_NO_COMMON_BLOCKS = YES;
				GCC_WARN_64_TO_32_BIT_CONVERSION = YES;
				GCC_WARN_ABOUT_RETURN_TYPE = YES_ERROR;
				GCC_WARN_UNDECLARED_SELECTOR = YES;
				GCC_WARN_UNINITIALIZED_AUTOS = YES_AGGRESSIVE;
				GCC_WARN_UNUSED_FUNCTION = YES;
				GCC_WARN_UNUSED_VARIABLE = YES;
				IPHONEOS_DEPLOYMENT_TARGET = 16.4;
				MTL_ENABLE_DEBUG_INFO = NO;
				MTL_FAST_MATH = YES;
				SDKROOT = iphoneos;
				SWIFT_COMPILATION_MODE = wholemodule;
				SWIFT_OPTIMIZATION_LEVEL = "-O";
				VALIDATE_PRODUCT = YES;
			};
			name = Release;
		};
		AE0DB6C12A9E7048005BDB23 /* Debug */ = {
			isa = XCBuildConfiguration;
			buildSettings = {
				ASSETCATALOG_COMPILER_APPICON_NAME = AppIcon;
				ASSETCATALOG_COMPILER_GLOBAL_ACCENT_COLOR_NAME = AccentColor;
				CODE_SIGN_STYLE = Automatic;
				CURRENT_PROJECT_VERSION = 1;
				GENERATE_INFOPLIST_FILE = YES;
				INFOPLIST_FILE = Namedemo/Info.plist;
				INFOPLIST_KEY_CFBundleDisplayName = Namedemo;
				INFOPLIST_KEY_UIApplicationSupportsIndirectInputEvents = YES;
				INFOPLIST_KEY_UILaunchStoryboardName = LaunchScreen;
				INFOPLIST_KEY_UIMainStoryboardFile = Main;
				INFOPLIST_KEY_UISupportedInterfaceOrientations_iPad = "UIInterfaceOrientationPortrait UIInterfaceOrientationPortraitUpsideDown UIInterfaceOrientationLandscapeLeft UIInterfaceOrientationLandscapeRight";
				INFOPLIST_KEY_UISupportedInterfaceOrientations_iPhone = "UIInterfaceOrientationPortrait UIInterfaceOrientationLandscapeLeft UIInterfaceOrientationLandscapeRight";
				IPHONEOS_DEPLOYMENT_TARGET = 15.0;
				LD_RUNPATH_SEARCH_PATHS = (
					"$(inherited)",
					"@executable_path/Frameworks",
				);
				MARKETING_VERSION = 1.0;
				PRODUCT_BUNDLE_IDENTIFIER = nwmissouri.edu.Namedemo;
				PRODUCT_NAME = "$(TARGET_NAME)";
				SWIFT_EMIT_LOC_STRINGS = YES;
				SWIFT_VERSION = 5.0;
				TARGETED_DEVICE_FAMILY = "1,2";
			};
			name = Debug;
		};
		AE0DB6C22A9E7048005BDB23 /* Release */ = {
			isa = XCBuildConfiguration;
			buildSettings = {
				ASSETCATALOG_COMPILER_APPICON_NAME = AppIcon;
				ASSETCATALOG_COMPILER_GLOBAL_ACCENT_COLOR_NAME = AccentColor;
				CODE_SIGN_STYLE = Automatic;
				CURRENT_PROJECT_VERSION = 1;
				GENERATE_INFOPLIST_FILE = YES;
				INFOPLIST_FILE = Namedemo/Info.plist;
				INFOPLIST_KEY_CFBundleDisplayName = Namedemo;
				INFOPLIST_KEY_UIApplicationSupportsIndirectInputEvents = YES;
				INFOPLIST_KEY_UILaunchStoryboardName = LaunchScreen;
				INFOPLIST_KEY_UIMainStoryboardFile = Main;
				INFOPLIST_KEY_UISupportedInterfaceOrientations_iPad = "UIInterfaceOrientationPortrait UIInterfaceOrientationPortraitUpsideDown UIInterfaceOrientationLandscapeLeft UIInterfaceOrientationLandscapeRight";
				INFOPLIST_KEY_UISupportedInterfaceOrientations_iPhone = "UIInterfaceOrientationPortrait UIInterfaceOrientationLandscapeLeft UIInterfaceOrientationLandscapeRight";
				IPHONEOS_DEPLOYMENT_TARGET = 15.0;
				LD_RUNPATH_SEARCH_PATHS = (
					"$(inherited)",
					"@executable_path/Frameworks",
				);
				MARKETING_VERSION = 1.0;
				PRODUCT_BUNDLE_IDENTIFIER = nwmissouri.edu.Namedemo;
				PRODUCT_NAME = "$(TARGET_NAME)";
				SWIFT_EMIT_LOC_STRINGS = YES;
				SWIFT_VERSION = 5.0;
				TARGETED_DEVICE_FAMILY = "1,2";
			};
			name = Release;
		};
		AE0DB6C42A9E7048005BDB23 /* Debug */ = {
			isa = XCBuildConfiguration;
			buildSettings = {
				ALWAYS_EMBED_SWIFT_STANDARD_LIBRARIES = YES;
				BUNDLE_LOADER = "$(TEST_HOST)";
				CODE_SIGN_STYLE = Automatic;
				CURRENT_PROJECT_VERSION = 1;
				GENERATE_INFOPLIST_FILE = YES;
				IPHONEOS_DEPLOYMENT_TARGET = 16.4;
				MARKETING_VERSION = 1.0;
				PRODUCT_BUNDLE_IDENTIFIER = nwmissouri.edu.NamedemoTests;
				PRODUCT_NAME = "$(TARGET_NAME)";
				SWIFT_EMIT_LOC_STRINGS = NO;
				SWIFT_VERSION = 5.0;
				TARGETED_DEVICE_FAMILY = "1,2";
				TEST_HOST = "$(BUILT_PRODUCTS_DIR)/Namedemo.app/$(BUNDLE_EXECUTABLE_FOLDER_PATH)/Namedemo";
			};
			name = Debug;
		};
		AE0DB6C52A9E7048005BDB23 /* Release */ = {
			isa = XCBuildConfiguration;
			buildSettings = {
				ALWAYS_EMBED_SWIFT_STANDARD_LIBRARIES = YES;
				BUNDLE_LOADER = "$(TEST_HOST)";
				CODE_SIGN_STYLE = Automatic;
				CURRENT_PROJECT_VERSION = 1;
				GENERATE_INFOPLIST_FILE = YES;
				IPHONEOS_DEPLOYMENT_TARGET = 16.4;
				MARKETING_VERSION = 1.0;
				PRODUCT_BUNDLE_IDENTIFIER = nwmissouri.edu.NamedemoTests;
				PRODUCT_NAME = "$(TARGET_NAME)";
				SWIFT_EMIT_LOC_STRINGS = NO;
				SWIFT_VERSION = 5.0;
				TARGETED_DEVICE_FAMILY = "1,2";
				TEST_HOST = "$(BUILT_PRODUCTS_DIR)/Namedemo.app/$(BUNDLE_EXECUTABLE_FOLDER_PATH)/Namedemo";
			};
			name = Release;
		};
		AE0DB6C72A9E7048005BDB23 /* Debug */ = {
			isa = XCBuildConfiguration;
			buildSettings = {
				ALWAYS_EMBED_SWIFT_STANDARD_LIBRARIES = YES;
				CODE_SIGN_STYLE = Automatic;
				CURRENT_PROJECT_VERSION = 1;
				GENERATE_INFOPLIST_FILE = YES;
				MARKETING_VERSION = 1.0;
				PRODUCT_BUNDLE_IDENTIFIER = nwmissouri.edu.NamedemoUITests;
				PRODUCT_NAME = "$(TARGET_NAME)";
				SWIFT_EMIT_LOC_STRINGS = NO;
				SWIFT_VERSION = 5.0;
				TARGETED_DEVICE_FAMILY = "1,2";
				TEST_TARGET_NAME = Namedemo;
			};
			name = Debug;
		};
		AE0DB6C82A9E7048005BDB23 /* Release */ = {
			isa = XCBuildConfiguration;
			buildSettings = {
				ALWAYS_EMBED_SWIFT_STANDARD_LIBRARIES = YES;
				CODE_SIGN_STYLE = Automatic;
				CURRENT_PROJECT_VERSION = 1;
				GENERATE_INFOPLIST_FILE = YES;
				MARKETING_VERSION = 1.0;
				PRODUCT_BUNDLE_IDENTIFIER = nwmissouri.edu.NamedemoUITests;
				PRODUCT_NAME = "$(TARGET_NAME)";
				SWIFT_EMIT_LOC_STRINGS = NO;
				SWIFT_VERSION = 5.0;
				TARGETED_DEVICE_FAMILY = "1,2";
				TEST_TARGET_NAME = Namedemo;
			};
			name = Release;
		};
/* End XCBuildConfiguration section */

/* Begin XCConfigurationList section */
		AE0DB6912A9E7048005BDB23 /* Build configuration list for PBXProject "Namedemo" */ = {
			isa = XCConfigurationList;
			buildConfigurations = (
				AE0DB6BE2A9E7048005BDB23 /* Debug */,
				AE0DB6BF2A9E7048005BDB23 /* Release */,
			);
			defaultConfigurationIsVisible = 0;
			defaultConfigurationName = Release;
		};
		AE0DB6C02A9E7048005BDB23 /* Build configuration list for PBXNativeTarget "Namedemo" */ = {
			isa = XCConfigurationList;
			buildConfigurations = (
				AE0DB6C12A9E7048005BDB23 /* Debug */,
				AE0DB6C22A9E7048005BDB23 /* Release */,
			);
			defaultConfigurationIsVisible = 0;
			defaultConfigurationName = Release;
		};
		AE0DB6C32A9E7048005BDB23 /* Build configuration list for PBXNativeTarget "NamedemoTests" */ = {
			isa = XCConfigurationList;
			buildConfigurations = (
				AE0DB6C42A9E7048005BDB23 /* Debug */,
				AE0DB6C52A9E7048005BDB23 /* Release */,
			);
			defaultConfigurationIsVisible = 0;
			defaultConfigurationName = Release;
		};
		AE0DB6C62A9E7048005BDB23 /* Build configuration list for PBXNativeTarget "NamedemoUITests" */ = {
			isa = XCConfigurationList;
			buildConfigurations = (
				AE0DB6C72A9E7048005BDB23 /* Debug */,
				AE0DB6C82A9E7048005BDB23 /* Release */,
			);
			defaultConfigurationIsVisible = 0;
			defaultConfigurationName = Release;
		};
/* End XCConfigurationList section */
	};
	rootObject = AE0DB68E2A9E7048005BDB23 /* Project object */;
}
